# This file is automatically @generated by Cargo.
# It is not intended for manual editing.
version = 4

[[package]]
name = "daemonseed-cli"
version = "0.1.0"

[[package]]
name = "daemonseed-core"
version = "0.1.0"

[[package]]
name = "daemonseed-proto"
version = "0.1.0"

[[package]]
name = "daemonseed-server"
version = "0.1.0"

[[package]]
name = "daemonseed-tui"
version = "0.1.0"

[[package]]
name = "xtask"
version = "0.1.0"
